
Microsoft Visual Studio Solution File, Format Version 12.00
# Visual Studio Version 17
VisualStudioVersion = 17.0.31903.59
MinimumVisualStudioVersion = 10.0.40219.1
Project("{FAE04EC0-301F-11D3-BF4B-00C04F79EFBC}") = "ConsoleAppTypeCasting", "ConsoleAppTypeCasting\ConsoleAppTypeCasting.csproj", "{1AA55F3F-57DA-4B1A-AC79-E78DED4D251E}"
EndProject
Global
	GlobalSection(SolutionConfigurationPlatforms) = preSolution
		Debug|Any CPU = Debug|Any CPU
		Release|Any CPU = Release|Any CPU
	EndGlobalSection
	GlobalSection(ProjectConfigurationPlatforms) = postSolution
		{1AA55F3F-57DA-4B1A-AC79-E78DED4D251E}.Debug|Any CPU.ActiveCfg = Debug|Any CPU
		{1AA55F3F-57DA-4B1A-AC79-E78DED4D251E}.Debug|Any CPU.Build.0 = Debug|Any CPU
		{1AA55F3F-57DA-4B1A-AC79-E78DED4D251E}.Release|Any CPU.ActiveCfg = Release|Any CPU
		{1AA55F3F-57DA-4B1A-AC79-E78DED4D251E}.Release|Any CPU.Build.0 = Release|Any CPU
	EndGlobalSection
	GlobalSection(SolutionProperties) = preSolution
		HideSolutionNode = FALSE
	EndGlobalSection
	GlobalSection(ExtensibilityGlobals) = postSolution
		SolutionGuid = {0CA6DADA-265B-4777-8EB2-71FF19E1CDD7}
	EndGlobalSection
EndGlobal
